
Microsoft Visual Studio Solution File, Format Version 12.00
# Visual Studio Version 16
VisualStudioVersion = 16.0.30114.105
MinimumVisualStudioVersion = 10.0.40219.1
Project("{9A19103F-16F7-4668-BE54-9A1E7A4F7556}") = "NeonMarket", "NeonMarket\NeonMarket.csproj", "{6646F05B-AF2E-4B4C-B9C0-AA9F82187212}"
EndProject
Global
	GlobalSection(SolutionConfigurationPlatforms) = preSolution
		Debug|Any CPU = Debug|Any CPU
		Release|Any CPU = Release|Any CPU
	EndGlobalSection
	GlobalSection(ProjectConfigurationPlatforms) = postSolution
		{6646F05B-AF2E-4B4C-B9C0-AA9F82187212}.Debug|Any CPU.ActiveCfg = Debug|Any CPU
		{6646F05B-AF2E-4B4C-B9C0-AA9F82187212}.Debug|Any CPU.Build.0 = Debug|Any CPU
		{6646F05B-AF2E-4B4C-B9C0-AA9F82187212}.Release|Any CPU.ActiveCfg = Release|Any CPU
		{6646F05B-AF2E-4B4C-B9C0-AA9F82187212}.Release|Any CPU.Build.0 = Release|Any CPU
	EndGlobalSection
	GlobalSection(SolutionProperties) = preSolution
		HideSolutionNode = FALSE
	EndGlobalSection
	GlobalSection(ExtensibilityGlobals) = postSolution
		SolutionGuid = {6B8985F2-F333-49A4-BD39-D2112D6729DF}
	EndGlobalSection
EndGlobal
